
Microsoft Visual Studio Solution File, Format Version 12.00
# Visual Studio Version 17
VisualStudioVersion = 17.11.35208.52
MinimumVisualStudioVersion = 10.0.40219.1
Project("{FAE04EC0-301F-11D3-BF4B-00C04F79EFBC}") = "szavak", "szavak\szavak.csproj", "{14913094-0427-4738-ACE1-64D72824BE9C}"
EndProject
Project("{FAE04EC0-301F-11D3-BF4B-00C04F79EFBC}") = "teglalap", "teglalap\teglalap.csproj", "{62B9F39A-3166-4F1A-AE5A-816E04C608F4}"
EndProject
Project("{FAE04EC0-301F-11D3-BF4B-00C04F79EFBC}") = "spartai", "spartai\spartai.csproj", "{1E305D1A-1B05-4997-9FF7-BDA95C73C175}"
EndProject
Global
	GlobalSection(SolutionConfigurationPlatforms) = preSolution
		Debug|Any CPU = Debug|Any CPU
		Release|Any CPU = Release|Any CPU
	EndGlobalSection
	GlobalSection(ProjectConfigurationPlatforms) = postSolution
		{14913094-0427-4738-ACE1-64D72824BE9C}.Debug|Any CPU.ActiveCfg = Debug|Any CPU
		{14913094-0427-4738-ACE1-64D72824BE9C}.Debug|Any CPU.Build.0 = Debug|Any CPU
		{14913094-0427-4738-ACE1-64D72824BE9C}.Release|Any CPU.ActiveCfg = Release|Any CPU
		{14913094-0427-4738-ACE1-64D72824BE9C}.Release|Any CPU.Build.0 = Release|Any CPU
		{62B9F39A-3166-4F1A-AE5A-816E04C608F4}.Debug|Any CPU.ActiveCfg = Debug|Any CPU
		{62B9F39A-3166-4F1A-AE5A-816E04C608F4}.Debug|Any CPU.Build.0 = Debug|Any CPU
		{62B9F39A-3166-4F1A-AE5A-816E04C608F4}.Release|Any CPU.ActiveCfg = Release|Any CPU
		{62B9F39A-3166-4F1A-AE5A-816E04C608F4}.Release|Any CPU.Build.0 = Release|Any CPU
		{1E305D1A-1B05-4997-9FF7-BDA95C73C175}.Debug|Any CPU.ActiveCfg = Debug|Any CPU
		{1E305D1A-1B05-4997-9FF7-BDA95C73C175}.Debug|Any CPU.Build.0 = Debug|Any CPU
		{1E305D1A-1B05-4997-9FF7-BDA95C73C175}.Release|Any CPU.ActiveCfg = Release|Any CPU
		{1E305D1A-1B05-4997-9FF7-BDA95C73C175}.Release|Any CPU.Build.0 = Release|Any CPU
	EndGlobalSection
	GlobalSection(SolutionProperties) = preSolution
		HideSolutionNode = FALSE
	EndGlobalSection
	GlobalSection(ExtensibilityGlobals) = postSolution
		SolutionGuid = {D8A82F7D-FBC5-4AFA-A178-ACDD43E78719}
	EndGlobalSection
EndGlobal
