
Microsoft Visual Studio Solution File, Format Version 12.00
# Visual Studio Version 17
VisualStudioVersion = 17.0.31903.59
MinimumVisualStudioVersion = 10.0.40219.1
Project("{FAE04EC0-301F-11D3-BF4B-00C04F79EFBC}") = "jegy", "jegy\jegy.csproj", "{5CC94DAF-9570-44C7-B4BE-F69DECD9C535}"
EndProject
Project("{FAE04EC0-301F-11D3-BF4B-00C04F79EFBC}") = "film", "film\film.csproj", "{8EC9AD5E-458D-4201-BAC0-37208FF1CC6F}"
EndProject
Project("{FAE04EC0-301F-11D3-BF4B-00C04F79EFBC}") = "mozi", "mozi\mozi.csproj", "{F4450104-E2F5-4991-BA57-4A128D40AC84}"
EndProject
Global
	GlobalSection(SolutionConfigurationPlatforms) = preSolution
		Debug|Any CPU = Debug|Any CPU
		Release|Any CPU = Release|Any CPU
	EndGlobalSection
	GlobalSection(SolutionProperties) = preSolution
		HideSolutionNode = FALSE
	EndGlobalSection
	GlobalSection(ProjectConfigurationPlatforms) = postSolution
		{5CC94DAF-9570-44C7-B4BE-F69DECD9C535}.Debug|Any CPU.ActiveCfg = Debug|Any CPU
		{5CC94DAF-9570-44C7-B4BE-F69DECD9C535}.Debug|Any CPU.Build.0 = Debug|Any CPU
		{5CC94DAF-9570-44C7-B4BE-F69DECD9C535}.Release|Any CPU.ActiveCfg = Release|Any CPU
		{5CC94DAF-9570-44C7-B4BE-F69DECD9C535}.Release|Any CPU.Build.0 = Release|Any CPU
		{8EC9AD5E-458D-4201-BAC0-37208FF1CC6F}.Debug|Any CPU.ActiveCfg = Debug|Any CPU
		{8EC9AD5E-458D-4201-BAC0-37208FF1CC6F}.Debug|Any CPU.Build.0 = Debug|Any CPU
		{8EC9AD5E-458D-4201-BAC0-37208FF1CC6F}.Release|Any CPU.ActiveCfg = Release|Any CPU
		{8EC9AD5E-458D-4201-BAC0-37208FF1CC6F}.Release|Any CPU.Build.0 = Release|Any CPU
		{F4450104-E2F5-4991-BA57-4A128D40AC84}.Debug|Any CPU.ActiveCfg = Debug|Any CPU
		{F4450104-E2F5-4991-BA57-4A128D40AC84}.Debug|Any CPU.Build.0 = Debug|Any CPU
		{F4450104-E2F5-4991-BA57-4A128D40AC84}.Release|Any CPU.ActiveCfg = Release|Any CPU
		{F4450104-E2F5-4991-BA57-4A128D40AC84}.Release|Any CPU.Build.0 = Release|Any CPU
	EndGlobalSection
EndGlobal
