
Microsoft Visual Studio Solution File, Format Version 12.00
# Visual Studio Version 17
VisualStudioVersion = 17.14.36109.1 d17.14
MinimumVisualStudioVersion = 10.0.40219.1
Project("{FAE04EC0-301F-11D3-BF4B-00C04F79EFBC}") = "szeleromuvek", "szeleromuvek\szeleromuvek.csproj", "{2B432044-EEBD-4F85-B66A-389571E4A7B9}"
EndProject
Project("{FAE04EC0-301F-11D3-BF4B-00C04F79EFBC}") = "Data", "Data\Data.csproj", "{B2C174BD-5F18-4130-93BC-A07B3BFE0414}"
EndProject
Project("{FAE04EC0-301F-11D3-BF4B-00C04F79EFBC}") = "Logic", "Logic\Logic.csproj", "{6A3B9EC1-ADDC-435A-B880-086186E90BF4}"
EndProject
Global
	GlobalSection(SolutionConfigurationPlatforms) = preSolution
		Debug|Any CPU = Debug|Any CPU
		Release|Any CPU = Release|Any CPU
	EndGlobalSection
	GlobalSection(ProjectConfigurationPlatforms) = postSolution
		{2B432044-EEBD-4F85-B66A-389571E4A7B9}.Debug|Any CPU.ActiveCfg = Debug|Any CPU
		{2B432044-EEBD-4F85-B66A-389571E4A7B9}.Debug|Any CPU.Build.0 = Debug|Any CPU
		{2B432044-EEBD-4F85-B66A-389571E4A7B9}.Release|Any CPU.ActiveCfg = Release|Any CPU
		{2B432044-EEBD-4F85-B66A-389571E4A7B9}.Release|Any CPU.Build.0 = Release|Any CPU
		{B2C174BD-5F18-4130-93BC-A07B3BFE0414}.Debug|Any CPU.ActiveCfg = Debug|Any CPU
		{B2C174BD-5F18-4130-93BC-A07B3BFE0414}.Debug|Any CPU.Build.0 = Debug|Any CPU
		{B2C174BD-5F18-4130-93BC-A07B3BFE0414}.Release|Any CPU.ActiveCfg = Release|Any CPU
		{B2C174BD-5F18-4130-93BC-A07B3BFE0414}.Release|Any CPU.Build.0 = Release|Any CPU
		{6A3B9EC1-ADDC-435A-B880-086186E90BF4}.Debug|Any CPU.ActiveCfg = Debug|Any CPU
		{6A3B9EC1-ADDC-435A-B880-086186E90BF4}.Debug|Any CPU.Build.0 = Debug|Any CPU
		{6A3B9EC1-ADDC-435A-B880-086186E90BF4}.Release|Any CPU.ActiveCfg = Release|Any CPU
		{6A3B9EC1-ADDC-435A-B880-086186E90BF4}.Release|Any CPU.Build.0 = Release|Any CPU
	EndGlobalSection
	GlobalSection(SolutionProperties) = preSolution
		HideSolutionNode = FALSE
	EndGlobalSection
	GlobalSection(ExtensibilityGlobals) = postSolution
		SolutionGuid = {CB9175CD-BA9A-4F24-86E9-3C75FB1189B0}
	EndGlobalSection
EndGlobal
